
Microsoft Visual Studio Solution File, Format Version 12.00
# Visual Studio Version 17
VisualStudioVersion = 17.2.32526.322
MinimumVisualStudioVersion = 10.0.40219.1
Project("{9A19103F-16F7-4668-BE54-9A1E7A4F7556}") = "SimpleSample", "SimpleSample\SimpleSample.csproj", "{21411DAC-85C8-416B-ABD2-869EE23F4FFC}"
EndProject
Project("{9A19103F-16F7-4668-BE54-9A1E7A4F7556}") = "AdvancedSample", "AdvancedSample\AdvancedSample.csproj", "{2AA2E559-5417-40ED-A739-D98049C8A68A}"
EndProject
Project("{9A19103F-16F7-4668-BE54-9A1E7A4F7556}") = "SimpleNetworkModel", "SimpleSample\NetworkModel\SimpleNetworkModel.csproj", "{B855BFF4-4537-446F-AD26-5392296A248E}"
EndProject
Project("{9A19103F-16F7-4668-BE54-9A1E7A4F7556}") = "AdvancedNetworkModel", "AdvancedSample\NetworkModel\AdvancedNetworkModel.csproj", "{669475DA-8F89-4657-B917-0B0C126BCD1D}"
EndProject
Project("{9A19103F-16F7-4668-BE54-9A1E7A4F7556}") = "Utils", "Utils\Utils.csproj", "{E7D6707B-D6EF-4FA8-9374-DC3B7D3CDFD6}"
EndProject
Project("{9A19103F-16F7-4668-BE54-9A1E7A4F7556}") = "NetworkUI", "NetworkUI\NetworkUI.csproj", "{B7CA1480-C144-40AC-AB97-A626F800D5B4}"
EndProject
Project("{9A19103F-16F7-4668-BE54-9A1E7A4F7556}") = "AdornedControl", "AdornedControl\AdornedControl.csproj", "{94B81CB7-F8A6-44BC-BD71-E927F701E0D8}"
EndProject
Project("{9A19103F-16F7-4668-BE54-9A1E7A4F7556}") = "ZoomAndPan", "ZoomAndPan\ZoomAndPan.csproj", "{468ADEDE-6F5E-40C0-99C9-C6DAC4FAC934}"
EndProject
Project("{2150E333-8FDC-42A3-9474-1A3956D46DE8}") = "Documentation", "Documentation", "{2FB6D193-6561-4B5D-B103-F98F17B9A41C}"
	ProjectSection(SolutionItems) = preProject
		README.md = README.md
	EndProjectSection
EndProject
Project("{9A19103F-16F7-4668-BE54-9A1E7A4F7556}") = "ProjectDesignSurfaceSimpleSample", "ProjectDesignSurfaceSample\ProjectDesignSurfaceSimpleSample.csproj", "{07124BB1-DF08-4403-B8D5-B0AE6C7BF6DB}"
EndProject
Project("{2150E333-8FDC-42A3-9474-1A3956D46DE8}") = "Samples", "Samples", "{AB2139B7-9949-44D9-B896-5951979220FC}"
EndProject
Project("{2150E333-8FDC-42A3-9474-1A3956D46DE8}") = "Advanced", "Advanced", "{2B2F8C6A-CEE5-47D4-81E9-EBF1323E5F57}"
EndProject
Project("{2150E333-8FDC-42A3-9474-1A3956D46DE8}") = "Simple", "Simple", "{B34B4D03-FAED-40E1-A7FB-DC4278C4BE03}"
EndProject
Project("{2150E333-8FDC-42A3-9474-1A3956D46DE8}") = "ProjectDesignSurface", "ProjectDesignSurface", "{2BD12602-0376-426E-AFB3-76A799D2A9FF}"
EndProject
Project("{2150E333-8FDC-42A3-9474-1A3956D46DE8}") = "ProjectDesignSurface", "ProjectDesignSurface", "{AAD205B2-9A40-4D06-8224-AED942EA3593}"
EndProject
Project("{2150E333-8FDC-42A3-9474-1A3956D46DE8}") = "NetworkView", "NetworkView", "{EE5C6D57-8B70-44D7-A7A2-FFE79035E29B}"
EndProject
Project("{2150E333-8FDC-42A3-9474-1A3956D46DE8}") = "NetworkView", "NetworkView", "{E68A9C5E-3020-48AC-B812-2CE6301A1BCC}"
EndProject
Project("{9A19103F-16F7-4668-BE54-9A1E7A4F7556}") = "ProjectDesignSurfaceAdvancedSample", "ProjectDesignSurfaceAdvancedSample\ProjectDesignSurfaceAdvancedSample.csproj", "{D73FAB3B-0931-45E6-AABC-79175BD5355D}"
EndProject
Project("{9A19103F-16F7-4668-BE54-9A1E7A4F7556}") = "AdvancedProjectDesignSurfaceModel", "ProjectDesignSurfaceAdvancedSample\ProjectDesignSurfaceModel\AdvancedProjectDesignSurfaceModel.csproj", "{579C2500-BCC6-4D15-8729-530916605643}"
EndProject
Project("{9A19103F-16F7-4668-BE54-9A1E7A4F7556}") = "ClearDashboard.Wpf.Controls", "ClearDashboard.Wpf.Controls\ClearDashboard.Wpf.Controls.csproj", "{4D10EC99-AFDF-4759-87D4-6CC83283346A}"
EndProject
Global
	GlobalSection(SolutionConfigurationPlatforms) = preSolution
		Debug|Any CPU = Debug|Any CPU
		Release|Any CPU = Release|Any CPU
	EndGlobalSection
	GlobalSection(ProjectConfigurationPlatforms) = postSolution
		{21411DAC-85C8-416B-ABD2-869EE23F4FFC}.Debug|Any CPU.ActiveCfg = Debug|Any CPU
		{21411DAC-85C8-416B-ABD2-869EE23F4FFC}.Debug|Any CPU.Build.0 = Debug|Any CPU
		{21411DAC-85C8-416B-ABD2-869EE23F4FFC}.Release|Any CPU.ActiveCfg = Release|Any CPU
		{21411DAC-85C8-416B-ABD2-869EE23F4FFC}.Release|Any CPU.Build.0 = Release|Any CPU
		{2AA2E559-5417-40ED-A739-D98049C8A68A}.Debug|Any CPU.ActiveCfg = Debug|Any CPU
		{2AA2E559-5417-40ED-A739-D98049C8A68A}.Debug|Any CPU.Build.0 = Debug|Any CPU
		{2AA2E559-5417-40ED-A739-D98049C8A68A}.Release|Any CPU.ActiveCfg = Release|Any CPU
		{2AA2E559-5417-40ED-A739-D98049C8A68A}.Release|Any CPU.Build.0 = Release|Any CPU
		{B855BFF4-4537-446F-AD26-5392296A248E}.Debug|Any CPU.ActiveCfg = Debug|Any CPU
		{B855BFF4-4537-446F-AD26-5392296A248E}.Debug|Any CPU.Build.0 = Debug|Any CPU
		{B855BFF4-4537-446F-AD26-5392296A248E}.Release|Any CPU.ActiveCfg = Release|Any CPU
		{B855BFF4-4537-446F-AD26-5392296A248E}.Release|Any CPU.Build.0 = Release|Any CPU
		{669475DA-8F89-4657-B917-0B0C126BCD1D}.Debug|Any CPU.ActiveCfg = Debug|Any CPU
		{669475DA-8F89-4657-B917-0B0C126BCD1D}.Debug|Any CPU.Build.0 = Debug|Any CPU
		{669475DA-8F89-4657-B917-0B0C126BCD1D}.Release|Any CPU.ActiveCfg = Release|Any CPU
		{669475DA-8F89-4657-B917-0B0C126BCD1D}.Release|Any CPU.Build.0 = Release|Any CPU
		{E7D6707B-D6EF-4FA8-9374-DC3B7D3CDFD6}.Debug|Any CPU.ActiveCfg = Debug|Any CPU
		{E7D6707B-D6EF-4FA8-9374-DC3B7D3CDFD6}.Debug|Any CPU.Build.0 = Debug|Any CPU
		{E7D6707B-D6EF-4FA8-9374-DC3B7D3CDFD6}.Release|Any CPU.ActiveCfg = Release|Any CPU
		{E7D6707B-D6EF-4FA8-9374-DC3B7D3CDFD6}.Release|Any CPU.Build.0 = Release|Any CPU
		{B7CA1480-C144-40AC-AB97-A626F800D5B4}.Debug|Any CPU.ActiveCfg = Debug|Any CPU
		{B7CA1480-C144-40AC-AB97-A626F800D5B4}.Debug|Any CPU.Build.0 = Debug|Any CPU
		{B7CA1480-C144-40AC-AB97-A626F800D5B4}.Release|Any CPU.ActiveCfg = Release|Any CPU
		{B7CA1480-C144-40AC-AB97-A626F800D5B4}.Release|Any CPU.Build.0 = Release|Any CPU
		{94B81CB7-F8A6-44BC-BD71-E927F701E0D8}.Debug|Any CPU.ActiveCfg = Debug|Any CPU
		{94B81CB7-F8A6-44BC-BD71-E927F701E0D8}.Debug|Any CPU.Build.0 = Debug|Any CPU
		{94B81CB7-F8A6-44BC-BD71-E927F701E0D8}.Release|Any CPU.ActiveCfg = Release|Any CPU
		{94B81CB7-F8A6-44BC-BD71-E927F701E0D8}.Release|Any CPU.Build.0 = Release|Any CPU
		{468ADEDE-6F5E-40C0-99C9-C6DAC4FAC934}.Debug|Any CPU.ActiveCfg = Debug|Any CPU
		{468ADEDE-6F5E-40C0-99C9-C6DAC4FAC934}.Debug|Any CPU.Build.0 = Debug|Any CPU
		{468ADEDE-6F5E-40C0-99C9-C6DAC4FAC934}.Release|Any CPU.ActiveCfg = Release|Any CPU
		{468ADEDE-6F5E-40C0-99C9-C6DAC4FAC934}.Release|Any CPU.Build.0 = Release|Any CPU
		{07124BB1-DF08-4403-B8D5-B0AE6C7BF6DB}.Debug|Any CPU.ActiveCfg = Debug|Any CPU
		{07124BB1-DF08-4403-B8D5-B0AE6C7BF6DB}.Debug|Any CPU.Build.0 = Debug|Any CPU
		{07124BB1-DF08-4403-B8D5-B0AE6C7BF6DB}.Release|Any CPU.ActiveCfg = Release|Any CPU
		{07124BB1-DF08-4403-B8D5-B0AE6C7BF6DB}.Release|Any CPU.Build.0 = Release|Any CPU
		{D73FAB3B-0931-45E6-AABC-79175BD5355D}.Debug|Any CPU.ActiveCfg = Debug|Any CPU
		{D73FAB3B-0931-45E6-AABC-79175BD5355D}.Debug|Any CPU.Build.0 = Debug|Any CPU
		{D73FAB3B-0931-45E6-AABC-79175BD5355D}.Release|Any CPU.ActiveCfg = Release|Any CPU
		{D73FAB3B-0931-45E6-AABC-79175BD5355D}.Release|Any CPU.Build.0 = Release|Any CPU
		{579C2500-BCC6-4D15-8729-530916605643}.Debug|Any CPU.ActiveCfg = Debug|Any CPU
		{579C2500-BCC6-4D15-8729-530916605643}.Debug|Any CPU.Build.0 = Debug|Any CPU
		{579C2500-BCC6-4D15-8729-530916605643}.Release|Any CPU.ActiveCfg = Release|Any CPU
		{579C2500-BCC6-4D15-8729-530916605643}.Release|Any CPU.Build.0 = Release|Any CPU
		{4D10EC99-AFDF-4759-87D4-6CC83283346A}.Debug|Any CPU.ActiveCfg = Debug|Any CPU
		{4D10EC99-AFDF-4759-87D4-6CC83283346A}.Debug|Any CPU.Build.0 = Debug|Any CPU
		{4D10EC99-AFDF-4759-87D4-6CC83283346A}.Release|Any CPU.ActiveCfg = Release|Any CPU
		{4D10EC99-AFDF-4759-87D4-6CC83283346A}.Release|Any CPU.Build.0 = Release|Any CPU
	EndGlobalSection
	GlobalSection(SolutionProperties) = preSolution
		HideSolutionNode = FALSE
	EndGlobalSection
	GlobalSection(NestedProjects) = preSolution
		{21411DAC-85C8-416B-ABD2-869EE23F4FFC} = {E68A9C5E-3020-48AC-B812-2CE6301A1BCC}
		{2AA2E559-5417-40ED-A739-D98049C8A68A} = {EE5C6D57-8B70-44D7-A7A2-FFE79035E29B}
		{B855BFF4-4537-446F-AD26-5392296A248E} = {E68A9C5E-3020-48AC-B812-2CE6301A1BCC}
		{669475DA-8F89-4657-B917-0B0C126BCD1D} = {EE5C6D57-8B70-44D7-A7A2-FFE79035E29B}
		{07124BB1-DF08-4403-B8D5-B0AE6C7BF6DB} = {AAD205B2-9A40-4D06-8224-AED942EA3593}
		{2B2F8C6A-CEE5-47D4-81E9-EBF1323E5F57} = {AB2139B7-9949-44D9-B896-5951979220FC}
		{B34B4D03-FAED-40E1-A7FB-DC4278C4BE03} = {AB2139B7-9949-44D9-B896-5951979220FC}
		{2BD12602-0376-426E-AFB3-76A799D2A9FF} = {2B2F8C6A-CEE5-47D4-81E9-EBF1323E5F57}
		{AAD205B2-9A40-4D06-8224-AED942EA3593} = {B34B4D03-FAED-40E1-A7FB-DC4278C4BE03}
		{EE5C6D57-8B70-44D7-A7A2-FFE79035E29B} = {2B2F8C6A-CEE5-47D4-81E9-EBF1323E5F57}
		{E68A9C5E-3020-48AC-B812-2CE6301A1BCC} = {B34B4D03-FAED-40E1-A7FB-DC4278C4BE03}
		{D73FAB3B-0931-45E6-AABC-79175BD5355D} = {2BD12602-0376-426E-AFB3-76A799D2A9FF}
		{579C2500-BCC6-4D15-8729-530916605643} = {2BD12602-0376-426E-AFB3-76A799D2A9FF}
	EndGlobalSection
	GlobalSection(ExtensibilityGlobals) = postSolution
		SolutionGuid = {C3671BB7-4E7B-4300-9481-823DE89F559D}
	EndGlobalSection
EndGlobal
